
Microsoft Visual Studio Solution File, Format Version 12.00
# Visual Studio 15
VisualStudioVersion = 15.0.27130.2003
MinimumVisualStudioVersion = 10.0.40219.1
Project("{FAE04EC0-301F-11D3-BF4B-00C04F79EFBC}") = "Cinode.Samples.Search", "Cinode.Samples.Search\Cinode.Samples.Search.csproj", "{99155EA2-A812-4E2A-ADEE-969C32EA0836}"
EndProject
Project("{FAE04EC0-301F-11D3-BF4B-00C04F79EFBC}") = "Cinode.Samples.Core", "Cinode.Samples.Core\Cinode.Samples.Core.csproj", "{5FF8975F-A049-4ED5-A3A6-B52001A85CC0}"
EndProject
Global
	GlobalSection(SolutionConfigurationPlatforms) = preSolution
		Debug|Any CPU = Debug|Any CPU
		Release|Any CPU = Release|Any CPU
	EndGlobalSection
	GlobalSection(ProjectConfigurationPlatforms) = postSolution
		{99155EA2-A812-4E2A-ADEE-969C32EA0836}.Debug|Any CPU.ActiveCfg = Debug|Any CPU
		{99155EA2-A812-4E2A-ADEE-969C32EA0836}.Debug|Any CPU.Build.0 = Debug|Any CPU
		{99155EA2-A812-4E2A-ADEE-969C32EA0836}.Release|Any CPU.ActiveCfg = Release|Any CPU
		{99155EA2-A812-4E2A-ADEE-969C32EA0836}.Release|Any CPU.Build.0 = Release|Any CPU
		{5FF8975F-A049-4ED5-A3A6-B52001A85CC0}.Debug|Any CPU.ActiveCfg = Debug|Any CPU
		{5FF8975F-A049-4ED5-A3A6-B52001A85CC0}.Debug|Any CPU.Build.0 = Debug|Any CPU
		{5FF8975F-A049-4ED5-A3A6-B52001A85CC0}.Release|Any CPU.ActiveCfg = Release|Any CPU
		{5FF8975F-A049-4ED5-A3A6-B52001A85CC0}.Release|Any CPU.Build.0 = Release|Any CPU
	EndGlobalSection
	GlobalSection(SolutionProperties) = preSolution
		HideSolutionNode = FALSE
	EndGlobalSection
	GlobalSection(ExtensibilityGlobals) = postSolution
		SolutionGuid = {E9D89491-131A-4C59-BE0D-EFC0714D4C59}
	EndGlobalSection
EndGlobal
